
Microsoft Visual Studio Solution File, Format Version 12.00
# Visual Studio Version 16
VisualStudioVersion = 16.0.32002.261
MinimumVisualStudioVersion = 10.0.40219.1
Project("{FAE04EC0-301F-11D3-BF4B-00C04F79EFBC}") = "ChessTournament", "ChessTournament\ChessTournament.csproj", "{CA63C136-3997-44FC-9CCA-20C48ABF232F}"
EndProject
Global
	GlobalSection(SolutionConfigurationPlatforms) = preSolution
		Debug|Any CPU = Debug|Any CPU
		Release|Any CPU = Release|Any CPU
	EndGlobalSection
	GlobalSection(ProjectConfigurationPlatforms) = postSolution
		{CA63C136-3997-44FC-9CCA-20C48ABF232F}.Debug|Any CPU.ActiveCfg = Debug|Any CPU
		{CA63C136-3997-44FC-9CCA-20C48ABF232F}.Debug|Any CPU.Build.0 = Debug|Any CPU
		{CA63C136-3997-44FC-9CCA-20C48ABF232F}.Release|Any CPU.ActiveCfg = Release|Any CPU
		{CA63C136-3997-44FC-9CCA-20C48ABF232F}.Release|Any CPU.Build.0 = Release|Any CPU
	EndGlobalSection
	GlobalSection(SolutionProperties) = preSolution
		HideSolutionNode = FALSE
	EndGlobalSection
	GlobalSection(ExtensibilityGlobals) = postSolution
		SolutionGuid = {54AA0BFC-0257-427B-ABBF-F35FABFE44AB}
	EndGlobalSection
EndGlobal
